// !$*UTF8*$!
{
	archiveVersion = 1;
	classes = {
	};
	objectVersion = 51;
	objects = {

/* Begin PBXBuildFile section */
		460A58F22490D5C2009B5B7B /* DetailsViewController.swift in Sources */ = {isa = PBXBuildFile; fileRef = 460A58F12490D5C2009B5B7B /* DetailsViewController.swift */; };
		460A58FA249228F0009B5B7B /* DMSans-Regular.ttf in Resources */ = {isa = PBXBuildFile; fileRef = 460A58F7249228F0009B5B7B /* DMSans-Regular.ttf */; };
		460A58FB249228F0009B5B7B /* DMSans-Medium.ttf in Resources */ = {isa = PBXBuildFile; fileRef = 460A58F8249228F0009B5B7B /* DMSans-Medium.ttf */; };
		460A58FC249228F0009B5B7B /* DMSans-Bold.ttf in Resources */ = {isa = PBXBuildFile; fileRef = 460A58F9249228F0009B5B7B /* DMSans-Bold.ttf */; };
		460A58FE2498AD57009B5B7B /* DMSerifDisplay-Regular.ttf in Resources */ = {isa = PBXBuildFile; fileRef = 460A58FD2498AD57009B5B7B /* DMSerifDisplay-Regular.ttf */; };
		460A59002498CDAA009B5B7B /* Helpers.swift in Sources */ = {isa = PBXBuildFile; fileRef = 460A58FF2498CDAA009B5B7B /* Helpers.swift */; };
		4664E33F2481198C00B75A8B /* AppDelegate.swift in Sources */ = {isa = PBXBuildFile; fileRef = 4664E33E2481198C00B75A8B /* AppDelegate.swift */; };
		4664E3432481198C00B75A8B /* HomeViewController.swift in Sources */ = {isa = PBXBuildFile; fileRef = 4664E3422481198C00B75A8B /* HomeViewController.swift */; };
		4664E3462481198C00B75A8B /* Main.storyboard in Resources */ = {isa = PBXBuildFile; fileRef = 4664E3442481198C00B75A8B /* Main.storyboard */; };
		4664E3482481198E00B75A8B /* Assets.xcassets in Resources */ = {isa = PBXBuildFile; fileRef = 4664E3472481198E00B75A8B /* Assets.xcassets */; };
		4664E34B2481198E00B75A8B /* LaunchScreen.storyboard in Resources */ = {isa = PBXBuildFile; fileRef = 4664E3492481198E00B75A8B /* LaunchScreen.storyboard */; };
		4674B020248E31E30047FD37 /* CarouselProduct.xib in Resources */ = {isa = PBXBuildFile; fileRef = 4674B01F248E31E30047FD37 /* CarouselProduct.xib */; };
		4674B022248E31F50047FD37 /* CarouselProductView.swift in Sources */ = {isa = PBXBuildFile; fileRef = 4674B021248E31F50047FD37 /* CarouselProductView.swift */; };
		467629B82486729E009A275F /* CarouselItemView.swift in Sources */ = {isa = PBXBuildFile; fileRef = 467629B72486729E009A275F /* CarouselItemView.swift */; };
		467629BA2486733C009A275F /* CarouselItem.xib in Resources */ = {isa = PBXBuildFile; fileRef = 467629B92486733C009A275F /* CarouselItem.xib */; };
		467629BC24868483009A275F /* CarouselStackView.swift in Sources */ = {isa = PBXBuildFile; fileRef = 467629BB24868483009A275F /* CarouselStackView.swift */; };
		46B18B752488FB8700BA0AF0 /* WatchViewController.swift in Sources */ = {isa = PBXBuildFile; fileRef = 46B18B742488FB8700BA0AF0 /* WatchViewController.swift */; };
		46B18B77248E262C00BA0AF0 /* Product.swift in Sources */ = {isa = PBXBuildFile; fileRef = 46B18B76248E262C00BA0AF0 /* Product.swift */; };
		46B18B7A248E29CC00BA0AF0 /* Purchaser.swift in Sources */ = {isa = PBXBuildFile; fileRef = 46B18B79248E29CC00BA0AF0 /* Purchaser.swift */; };
		5C0D00E12638139800647DEC /* CountdownViews.swift in Sources */ = {isa = PBXBuildFile; fileRef = 5C0D00E02638139800647DEC /* CountdownViews.swift */; };
		E29B5C62A0CC8F1F22C7E1DE /* libPods-eCommerce.a in Frameworks */ = {isa = PBXBuildFile; fileRef = B0604796E9C72975B9EAC568 /* libPods-eCommerce.a */; };
/* End PBXBuildFile section */

/* Begin PBXFileReference section */
		2AEAF43F3A53E170ED4F9EAB /* Pods-IVSClients-eCommerce.debug.xcconfig */ = {isa = PBXFileReference; includeInIndex = 1; lastKnownFileType = text.xcconfig; name = "Pods-IVSClients-eCommerce.debug.xcconfig"; path = "../eCommerce/Pods/Target Support Files/Pods-IVSClients-eCommerce/Pods-IVSClients-eCommerce.debug.xcconfig"; sourceTree = "<group>"; };
		460A58F12490D5C2009B5B7B /* DetailsViewController.swift */ = {isa = PBXFileReference; lastKnownFileType = sourcecode.swift; path = DetailsViewController.swift; sourceTree = "<group>"; };
		460A58F52490E2F6009B5B7B /* eCommerce.entitlements */ = {isa = PBXFileReference; lastKnownFileType = text.plist.entitlements; path = eCommerce.entitlements; sourceTree = "<group>"; };
		460A58F7249228F0009B5B7B /* DMSans-Regular.ttf */ = {isa = PBXFileReference; lastKnownFileType = file; path = "DMSans-Regular.ttf"; sourceTree = "<group>"; };
		460A58F8249228F0009B5B7B /* DMSans-Medium.ttf */ = {isa = PBXFileReference; lastKnownFileType = file; path = "DMSans-Medium.ttf"; sourceTree = "<group>"; };
		460A58F9249228F0009B5B7B /* DMSans-Bold.ttf */ = {isa = PBXFileReference; lastKnownFileType = file; path = "DMSans-Bold.ttf"; sourceTree = "<group>"; };
		460A58FD2498AD57009B5B7B /* DMSerifDisplay-Regular.ttf */ = {isa = PBXFileReference; lastKnownFileType = file; path = "DMSerifDisplay-Regular.ttf"; sourceTree = "<group>"; };
		460A58FF2498CDAA009B5B7B /* Helpers.swift */ = {isa = PBXFileReference; lastKnownFileType = sourcecode.swift; path = Helpers.swift; sourceTree = "<group>"; };
		4664E33B2481198C00B75A8B /* eCommerce.app */ = {isa = PBXFileReference; explicitFileType = wrapper.application; includeInIndex = 0; path = eCommerce.app; sourceTree = BUILT_PRODUCTS_DIR; };
		4664E33E2481198C00B75A8B /* AppDelegate.swift */ = {isa = PBXFileReference; lastKnownFileType = sourcecode.swift; path = AppDelegate.swift; sourceTree = "<group>"; };
		4664E3422481198C00B75A8B /* HomeViewController.swift */ = {isa = PBXFileReference; lastKnownFileType = sourcecode.swift; path = HomeViewController.swift; sourceTree = "<group>"; };
		4664E3452481198C00B75A8B /* Base */ = {isa = PBXFileReference; lastKnownFileType = file.storyboard; name = Base; path = Base.lproj/Main.storyboard; sourceTree = "<group>"; };
		4664E3472481198E00B75A8B /* Assets.xcassets */ = {isa = PBXFileReference; lastKnownFileType = folder.assetcatalog; path = Assets.xcassets; sourceTree = "<group>"; };
		4664E34A2481198E00B75A8B /* Base */ = {isa = PBXFileReference; lastKnownFileType = file.storyboard; name = Base; path = Base.lproj/LaunchScreen.storyboard; sourceTree = "<group>"; };
		4664E34C2481198E00B75A8B /* Info.plist */ = {isa = PBXFileReference; lastKnownFileType = text.plist.xml; path = Info.plist; sourceTree = "<group>"; };
		4674B01F248E31E30047FD37 /* CarouselProduct.xib */ = {isa = PBXFileReference; lastKnownFileType = file.xib; path = CarouselProduct.xib; sourceTree = "<group>"; };
		4674B021248E31F50047FD37 /* CarouselProductView.swift */ = {isa = PBXFileReference; lastKnownFileType = sourcecode.swift; path = CarouselProductView.swift; sourceTree = "<group>"; };
		467629B72486729E009A275F /* CarouselItemView.swift */ = {isa = PBXFileReference; lastKnownFileType = sourcecode.swift; path = CarouselItemView.swift; sourceTree = "<group>"; };
		467629B92486733C009A275F /* CarouselItem.xib */ = {isa = PBXFileReference; lastKnownFileType = file.xib; path = CarouselItem.xib; sourceTree = "<group>"; };
		467629BB24868483009A275F /* CarouselStackView.swift */ = {isa = PBXFileReference; lastKnownFileType = sourcecode.swift; path = CarouselStackView.swift; sourceTree = "<group>"; };
		46B18B742488FB8700BA0AF0 /* WatchViewController.swift */ = {isa = PBXFileReference; lastKnownFileType = sourcecode.swift; path = WatchViewController.swift; sourceTree = "<group>"; };
		46B18B76248E262C00BA0AF0 /* Product.swift */ = {isa = PBXFileReference; lastKnownFileType = sourcecode.swift; path = Product.swift; sourceTree = "<group>"; };
		46B18B79248E29CC00BA0AF0 /* Purchaser.swift */ = {isa = PBXFileReference; lastKnownFileType = sourcecode.swift; path = Purchaser.swift; sourceTree = "<group>"; };
		5C0D00E02638139800647DEC /* CountdownViews.swift */ = {isa = PBXFileReference; fileEncoding = 4; lastKnownFileType = sourcecode.swift; path = CountdownViews.swift; sourceTree = "<group>"; };
		77B6A9BA9BE03B89EBC75B09 /* Pods-eCommerce.debug.xcconfig */ = {isa = PBXFileReference; includeInIndex = 1; lastKnownFileType = text.xcconfig; name = "Pods-eCommerce.debug.xcconfig"; path = "../amazon-ivs-ecommerce-ios-demo/Pods/Target Support Files/Pods-eCommerce/Pods-eCommerce.debug.xcconfig"; sourceTree = "<group>"; };
		83D51A534FF3FC792E25D0BC /* Pods-eCommerce.release.xcconfig */ = {isa = PBXFileReference; includeInIndex = 1; lastKnownFileType = text.xcconfig; name = "Pods-eCommerce.release.xcconfig"; path = "../amazon-ivs-ecommerce-ios-demo/Pods/Target Support Files/Pods-eCommerce/Pods-eCommerce.release.xcconfig"; sourceTree = "<group>"; };
		B0604796E9C72975B9EAC568 /* libPods-eCommerce.a */ = {isa = PBXFileReference; explicitFileType = archive.ar; includeInIndex = 0; path = "libPods-eCommerce.a"; sourceTree = BUILT_PRODUCTS_DIR; };
		BE5D00185D8E188697B92D43 /* Pods-IVSClients-eCommerce.release.xcconfig */ = {isa = PBXFileReference; includeInIndex = 1; lastKnownFileType = text.xcconfig; name = "Pods-IVSClients-eCommerce.release.xcconfig"; path = "../eCommerce/Pods/Target Support Files/Pods-IVSClients-eCommerce/Pods-IVSClients-eCommerce.release.xcconfig"; sourceTree = "<group>"; };
/* End PBXFileReference section */

/* Begin PBXFrameworksBuildPhase section */
		4664E3382481198C00B75A8B /* Frameworks */ = {
			isa = PBXFrameworksBuildPhase;
			buildActionMask = 2147483647;
			files = (
				E29B5C62A0CC8F1F22C7E1DE /* libPods-eCommerce.a in Frameworks */,
			);
			runOnlyForDeploymentPostprocessing = 0;
		};
/* End PBXFrameworksBuildPhase section */

/* Begin PBXGroup section */
		460A58F6249228CE009B5B7B /* Custom Fonts */ = {
			isa = PBXGroup;
			children = (
				460A58F9249228F0009B5B7B /* DMSans-Bold.ttf */,
				460A58F8249228F0009B5B7B /* DMSans-Medium.ttf */,
				460A58F7249228F0009B5B7B /* DMSans-Regular.ttf */,
				460A58FD2498AD57009B5B7B /* DMSerifDisplay-Regular.ttf */,
			);
			path = "Custom Fonts";
			sourceTree = "<group>";
		};
		4664E3322481198C00B75A8B = {
			isa = PBXGroup;
			children = (
				4664E33D2481198C00B75A8B /* eCommerce */,
				4664E33C2481198C00B75A8B /* Products */,
				91C8E2F2338A7F4553FD88D0 /* Pods */,
				A15985E20FD044D012EB2E45 /* Frameworks */,
			);
			sourceTree = "<group>";
		};
		4664E33C2481198C00B75A8B /* Products */ = {
			isa = PBXGroup;
			children = (
				4664E33B2481198C00B75A8B /* eCommerce.app */,
			);
			name = Products;
			sourceTree = "<group>";
		};
		4664E33D2481198C00B75A8B /* eCommerce */ = {
			isa = PBXGroup;
			children = (
				460A58F52490E2F6009B5B7B /* eCommerce.entitlements */,
				4664E33E2481198C00B75A8B /* AppDelegate.swift */,
				460A58FF2498CDAA009B5B7B /* Helpers.swift */,
				46B18B7B248E29E500BA0AF0 /* ViewControllers */,
				46B18B78248E29BC00BA0AF0 /* Models */,
				4674B023248E322B0047FD37 /* CustomViews */,
				4664E3472481198E00B75A8B /* Assets.xcassets */,
				4664E3442481198C00B75A8B /* Main.storyboard */,
				4664E3492481198E00B75A8B /* LaunchScreen.storyboard */,
				4664E34C2481198E00B75A8B /* Info.plist */,
				460A58F6249228CE009B5B7B /* Custom Fonts */,
			);
			path = eCommerce;
			sourceTree = "<group>";
		};
		4674B01C248E317B0047FD37 /* ProductsCarouselViews */ = {
			isa = PBXGroup;
			children = (
				4674B021248E31F50047FD37 /* CarouselProductView.swift */,
				4674B01F248E31E30047FD37 /* CarouselProduct.xib */,
			);
			path = ProductsCarouselViews;
			sourceTree = "<group>";
		};
		4674B023248E322B0047FD37 /* CustomViews */ = {
			isa = PBXGroup;
			children = (
				467629BB24868483009A275F /* CarouselStackView.swift */,
				5C0D00E02638139800647DEC /* CountdownViews.swift */,
				46F1BA192488F82D00128329 /* HomeCarouselViews */,
				4674B01C248E317B0047FD37 /* ProductsCarouselViews */,
			);
			path = CustomViews;
			sourceTree = "<group>";
		};
		46B18B78248E29BC00BA0AF0 /* Models */ = {
			isa = PBXGroup;
			children = (
				46B18B76248E262C00BA0AF0 /* Product.swift */,
				46B18B79248E29CC00BA0AF0 /* Purchaser.swift */,
			);
			path = Models;
			sourceTree = "<group>";
		};
		46B18B7B248E29E500BA0AF0 /* ViewControllers */ = {
			isa = PBXGroup;
			children = (
				4664E3422481198C00B75A8B /* HomeViewController.swift */,
				46B18B742488FB8700BA0AF0 /* WatchViewController.swift */,
				460A58F12490D5C2009B5B7B /* DetailsViewController.swift */,
			);
			path = ViewControllers;
			sourceTree = "<group>";
		};
		46F1BA192488F82D00128329 /* HomeCarouselViews */ = {
			isa = PBXGroup;
			children = (
				467629B72486729E009A275F /* CarouselItemView.swift */,
				467629B92486733C009A275F /* CarouselItem.xib */,
			);
			path = HomeCarouselViews;
			sourceTree = "<group>";
		};
		91C8E2F2338A7F4553FD88D0 /* Pods */ = {
			isa = PBXGroup;
			children = (
				2AEAF43F3A53E170ED4F9EAB /* Pods-IVSClients-eCommerce.debug.xcconfig */,
				BE5D00185D8E188697B92D43 /* Pods-IVSClients-eCommerce.release.xcconfig */,
				77B6A9BA9BE03B89EBC75B09 /* Pods-eCommerce.debug.xcconfig */,
				83D51A534FF3FC792E25D0BC /* Pods-eCommerce.release.xcconfig */,
			);
			name = Pods;
			path = ../Pods;
			sourceTree = "<group>";
		};
		A15985E20FD044D012EB2E45 /* Frameworks */ = {
			isa = PBXGroup;
			children = (
				B0604796E9C72975B9EAC568 /* libPods-eCommerce.a */,
			);
			name = Frameworks;
			sourceTree = "<group>";
		};
/* End PBXGroup section */

/* Begin PBXNativeTarget section */
		4664E33A2481198C00B75A8B /* eCommerce */ = {
			isa = PBXNativeTarget;
			buildConfigurationList = 4664E34F2481198E00B75A8B /* Build configuration list for PBXNativeTarget "eCommerce" */;
			buildPhases = (
				82FFFFD775BD0E61B119FD5F /* [CP] Check Pods Manifest.lock */,
				880E70AF09A77C09C5A92441 /* [CP] Prepare Artifacts */,
				4664E3372481198C00B75A8B /* Sources */,
				4664E3382481198C00B75A8B /* Frameworks */,
				4664E3392481198C00B75A8B /* Resources */,
				D6A3B8A895ACD01F9D1E3776 /* [CP] Embed Pods Frameworks */,
			);
			buildRules = (
			);
			dependencies = (
			);
			name = eCommerce;
			productName = eCommerce;
			productReference = 4664E33B2481198C00B75A8B /* eCommerce.app */;
			productType = "com.apple.product-type.application";
		};
/* End PBXNativeTarget section */

/* Begin PBXProject section */
		4664E3332481198C00B75A8B /* Project object */ = {
			isa = PBXProject;
			attributes = {
				LastSwiftUpdateCheck = 1130;
				LastUpgradeCheck = 1130;
				ORGANIZATIONNAME = Twitch;
				TargetAttributes = {
					4664E33A2481198C00B75A8B = {
						CreatedOnToolsVersion = 11.3;
					};
				};
			};
			buildConfigurationList = 4664E3362481198C00B75A8B /* Build configuration list for PBXProject "eCommerce" */;
			compatibilityVersion = "Xcode 9.3";
			developmentRegion = en;
			hasScannedForEncodings = 0;
			knownRegions = (
				en,
				Base,
			);
			mainGroup = 4664E3322481198C00B75A8B;
			productRefGroup = 4664E33C2481198C00B75A8B /* Products */;
			projectDirPath = "";
			projectRoot = "";
			targets = (
				4664E33A2481198C00B75A8B /* eCommerce */,
			);
		};
/* End PBXProject section */

/* Begin PBXResourcesBuildPhase section */
		4664E3392481198C00B75A8B /* Resources */ = {
			isa = PBXResourcesBuildPhase;
			buildActionMask = 2147483647;
			files = (
				4664E34B2481198E00B75A8B /* LaunchScreen.storyboard in Resources */,
				460A58FB249228F0009B5B7B /* DMSans-Medium.ttf in Resources */,
				4664E3482481198E00B75A8B /* Assets.xcassets in Resources */,
				4674B020248E31E30047FD37 /* CarouselProduct.xib in Resources */,
				460A58FA249228F0009B5B7B /* DMSans-Regular.ttf in Resources */,
				460A58FE2498AD57009B5B7B /* DMSerifDisplay-Regular.ttf in Resources */,
				467629BA2486733C009A275F /* CarouselItem.xib in Resources */,
				4664E3462481198C00B75A8B /* Main.storyboard in Resources */,
				460A58FC249228F0009B5B7B /* DMSans-Bold.ttf in Resources */,
			);
			runOnlyForDeploymentPostprocessing = 0;
		};
/* End PBXResourcesBuildPhase section */

/* Begin PBXShellScriptBuildPhase section */
		82FFFFD775BD0E61B119FD5F /* [CP] Check Pods Manifest.lock */ = {
			isa = PBXShellScriptBuildPhase;
			buildActionMask = 2147483647;
			files = (
			);
			inputFileListPaths = (
			);
			inputPaths = (
				"${PODS_PODFILE_DIR_PATH}/Podfile.lock",
				"${PODS_ROOT}/Manifest.lock",
			);
			name = "[CP] Check Pods Manifest.lock";
			outputFileListPaths = (
			);
			outputPaths = (
				"$(DERIVED_FILE_DIR)/Pods-eCommerce-checkManifestLockResult.txt",
			);
			runOnlyForDeploymentPostprocessing = 0;
			shellPath = /bin/sh;
			shellScript = "diff \"${PODS_PODFILE_DIR_PATH}/Podfile.lock\" \"${PODS_ROOT}/Manifest.lock\" > /dev/null\nif [ $? != 0 ] ; then\n    # print error to STDERR\n    echo \"error: The sandbox is not in sync with the Podfile.lock. Run 'pod install' or update your CocoaPods installation.\" >&2\n    exit 1\nfi\n# This output is used by Xcode 'outputs' to avoid re-running this script phase.\necho \"SUCCESS\" > \"${SCRIPT_OUTPUT_FILE_0}\"\n";
			showEnvVarsInLog = 0;
		};
		880E70AF09A77C09C5A92441 /* [CP] Prepare Artifacts */ = {
			isa = PBXShellScriptBuildPhase;
			buildActionMask = 2147483647;
			files = (
			);
			inputFileListPaths = (
				"${PODS_ROOT}/Target Support Files/Pods-eCommerce/Pods-eCommerce-artifacts-${CONFIGURATION}-input-files.xcfilelist",
			);
			name = "[CP] Prepare Artifacts";
			outputFileListPaths = (
				"${PODS_ROOT}/Target Support Files/Pods-eCommerce/Pods-eCommerce-artifacts-${CONFIGURATION}-output-files.xcfilelist",
			);
			runOnlyForDeploymentPostprocessing = 0;
			shellPath = /bin/sh;
			shellScript = "\"${PODS_ROOT}/Target Support Files/Pods-eCommerce/Pods-eCommerce-artifacts.sh\"\n";
			showEnvVarsInLog = 0;
		};
		D6A3B8A895ACD01F9D1E3776 /* [CP] Embed Pods Frameworks */ = {
			isa = PBXShellScriptBuildPhase;
			buildActionMask = 2147483647;
			files = (
			);
			inputFileListPaths = (
				"${PODS_ROOT}/Target Support Files/Pods-eCommerce/Pods-eCommerce-frameworks-${CONFIGURATION}-input-files.xcfilelist",
			);
			name = "[CP] Embed Pods Frameworks";
			outputFileListPaths = (
				"${PODS_ROOT}/Target Support Files/Pods-eCommerce/Pods-eCommerce-frameworks-${CONFIGURATION}-output-files.xcfilelist",
			);
			runOnlyForDeploymentPostprocessing = 0;
			shellPath = /bin/sh;
			shellScript = "\"${PODS_ROOT}/Target Support Files/Pods-eCommerce/Pods-eCommerce-frameworks.sh\"\n";
			showEnvVarsInLog = 0;
		};
/* End PBXShellScriptBuildPhase section */

/* Begin PBXSourcesBuildPhase section */
		4664E3372481198C00B75A8B /* Sources */ = {
			isa = PBXSourcesBuildPhase;
			buildActionMask = 2147483647;
			files = (
				46B18B7A248E29CC00BA0AF0 /* Purchaser.swift in Sources */,
				4664E3432481198C00B75A8B /* HomeViewController.swift in Sources */,
				460A58F22490D5C2009B5B7B /* DetailsViewController.swift in Sources */,
				460A59002498CDAA009B5B7B /* Helpers.swift in Sources */,
				46B18B752488FB8700BA0AF0 /* WatchViewController.swift in Sources */,
				467629BC24868483009A275F /* CarouselStackView.swift in Sources */,
				467629B82486729E009A275F /* CarouselItemView.swift in Sources */,
				4664E33F2481198C00B75A8B /* AppDelegate.swift in Sources */,
				4674B022248E31F50047FD37 /* CarouselProductView.swift in Sources */,
				5C0D00E12638139800647DEC /* CountdownViews.swift in Sources */,
				46B18B77248E262C00BA0AF0 /* Product.swift in Sources */,
			);
			runOnlyForDeploymentPostprocessing = 0;
		};
/* End PBXSourcesBuildPhase section */

/* Begin PBXVariantGroup section */
		4664E3442481198C00B75A8B /* Main.storyboard */ = {
			isa = PBXVariantGroup;
			children = (
				4664E3452481198C00B75A8B /* Base */,
			);
			name = Main.storyboard;
			sourceTree = "<group>";
		};
		4664E3492481198E00B75A8B /* LaunchScreen.storyboard */ = {
			isa = PBXVariantGroup;
			children = (
				4664E34A2481198E00B75A8B /* Base */,
			);
			name = LaunchScreen.storyboard;
			sourceTree = "<group>";
		};
/* End PBXVariantGroup section */

/* Begin XCBuildConfiguration section */
		4664E34D2481198E00B75A8B /* Debug */ = {
			isa = XCBuildConfiguration;
			buildSettings = {
				ALWAYS_SEARCH_USER_PATHS = NO;
				CLANG_ANALYZER_NONNULL = YES;
				CLANG_ANALYZER_NUMBER_OBJECT_CONVERSION = YES_AGGRESSIVE;
				CLANG_CXX_LANGUAGE_STANDARD = "gnu++14";
				CLANG_CXX_LIBRARY = "libc++";
				CLANG_ENABLE_MODULES = YES;
				CLANG_ENABLE_OBJC_ARC = YES;
				CLANG_ENABLE_OBJC_WEAK = YES;
				CLANG_WARN_BLOCK_CAPTURE_AUTORELEASING = YES;
				CLANG_WARN_BOOL_CONVERSION = YES;
				CLANG_WARN_COMMA = YES;
				CLANG_WARN_CONSTANT_CONVERSION = YES;
				CLANG_WARN_DEPRECATED_OBJC_IMPLEMENTATIONS = YES;
				CLANG_WARN_DIRECT_OBJC_ISA_USAGE = YES_ERROR;
				CLANG_WARN_DOCUMENTATION_COMMENTS = YES;
				CLANG_WARN_EMPTY_BODY = YES;
				CLANG_WARN_ENUM_CONVERSION = YES;
				CLANG_WARN_INFINITE_RECURSION = YES;
				CLANG_WARN_INT_CONVERSION = YES;
				CLANG_WARN_NON_LITERAL_NULL_CONVERSION = YES;
				CLANG_WARN_OBJC_IMPLICIT_RETAIN_SELF = YES;
				CLANG_WARN_OBJC_LITERAL_CONVERSION = YES;
				CLANG_WARN_OBJC_ROOT_CLASS = YES_ERROR;
				CLANG_WARN_RANGE_LOOP_ANALYSIS = YES;
				CLANG_WARN_STRICT_PROTOTYPES = YES;
				CLANG_WARN_SUSPICIOUS_MOVE = YES;
				CLANG_WARN_UNGUARDED_AVAILABILITY = YES_AGGRESSIVE;
				CLANG_WARN_UNREACHABLE_CODE = YES;
				CLANG_WARN__DUPLICATE_METHOD_MATCH = YES;
				COPY_PHASE_STRIP = NO;
				DEBUG_INFORMATION_FORMAT = dwarf;
				ENABLE_STRICT_OBJC_MSGSEND = YES;
				ENABLE_TESTABILITY = YES;
				GCC_C_LANGUAGE_STANDARD = gnu11;
				GCC_DYNAMIC_NO_PIC = NO;
				GCC_NO_COMMON_BLOCKS = YES;
				GCC_OPTIMIZATION_LEVEL = 0;
				GCC_PREPROCESSOR_DEFINITIONS = (
					"DEBUG=1",
					"$(inherited)",
				);
				GCC_WARN_64_TO_32_BIT_CONVERSION = YES;
				GCC_WARN_ABOUT_RETURN_TYPE = YES_ERROR;
				GCC_WARN_UNDECLARED_SELECTOR = YES;
				GCC_WARN_UNINITIALIZED_AUTOS = YES_AGGRESSIVE;
				GCC_WARN_UNUSED_FUNCTION = YES;
				GCC_WARN_UNUSED_VARIABLE = YES;
				IPHONEOS_DEPLOYMENT_TARGET = 12.0;
				MTL_ENABLE_DEBUG_INFO = INCLUDE_SOURCE;
				MTL_FAST_MATH = YES;
				ONLY_ACTIVE_ARCH = YES;
				SDKROOT = iphoneos;
				SWIFT_ACTIVE_COMPILATION_CONDITIONS = DEBUG;
				SWIFT_OPTIMIZATION_LEVEL = "-Onone";
			};
			name = Debug;
		};
		4664E34E2481198E00B75A8B /* Release */ = {
			isa = XCBuildConfiguration;
			buildSettings = {
				ALWAYS_SEARCH_USER_PATHS = NO;
				CLANG_ANALYZER_NONNULL = YES;
				CLANG_ANALYZER_NUMBER_OBJECT_CONVERSION = YES_AGGRESSIVE;
				CLANG_CXX_LANGUAGE_STANDARD = "gnu++14";
				CLANG_CXX_LIBRARY = "libc++";
				CLANG_ENABLE_MODULES = YES;
				CLANG_ENABLE_OBJC_ARC = YES;
				CLANG_ENABLE_OBJC_WEAK = YES;
				CLANG_WARN_BLOCK_CAPTURE_AUTORELEASING = YES;
				CLANG_WARN_BOOL_CONVERSION = YES;
				CLANG_WARN_COMMA = YES;
				CLANG_WARN_CONSTANT_CONVERSION = YES;
				CLANG_WARN_DEPRECATED_OBJC_IMPLEMENTATIONS = YES;
				CLANG_WARN_DIRECT_OBJC_ISA_USAGE = YES_ERROR;
				CLANG_WARN_DOCUMENTATION_COMMENTS = YES;
				CLANG_WARN_EMPTY_BODY = YES;
				CLANG_WARN_ENUM_CONVERSION = YES;
				CLANG_WARN_INFINITE_RECURSION = YES;
				CLANG_WARN_INT_CONVERSION = YES;
				CLANG_WARN_NON_LITERAL_NULL_CONVERSION = YES;
				CLANG_WARN_OBJC_IMPLICIT_RETAIN_SELF = YES;
				CLANG_WARN_OBJC_LITERAL_CONVERSION = YES;
				CLANG_WARN_OBJC_ROOT_CLASS = YES_ERROR;
				CLANG_WARN_RANGE_LOOP_ANALYSIS = YES;
				CLANG_WARN_STRICT_PROTOTYPES = YES;
				CLANG_WARN_SUSPICIOUS_MOVE = YES;
				CLANG_WARN_UNGUARDED_AVAILABILITY = YES_AGGRESSIVE;
				CLANG_WARN_UNREACHABLE_CODE = YES;
				CLANG_WARN__DUPLICATE_METHOD_MATCH = YES;
				COPY_PHASE_STRIP = NO;
				DEBUG_INFORMATION_FORMAT = "dwarf-with-dsym";
				ENABLE_NS_ASSERTIONS = NO;
				ENABLE_STRICT_OBJC_MSGSEND = YES;
				GCC_C_LANGUAGE_STANDARD = gnu11;
				GCC_NO_COMMON_BLOCKS = YES;
				GCC_WARN_64_TO_32_BIT_CONVERSION = YES;
				GCC_WARN_ABOUT_RETURN_TYPE = YES_ERROR;
				GCC_WARN_UNDECLARED_SELECTOR = YES;
				GCC_WARN_UNINITIALIZED_AUTOS = YES_AGGRESSIVE;
				GCC_WARN_UNUSED_FUNCTION = YES;
				GCC_WARN_UNUSED_VARIABLE = YES;
				IPHONEOS_DEPLOYMENT_TARGET = 12.0;
				MTL_ENABLE_DEBUG_INFO = NO;
				MTL_FAST_MATH = YES;
				SDKROOT = iphoneos;
				SWIFT_COMPILATION_MODE = wholemodule;
				SWIFT_OPTIMIZATION_LEVEL = "-O";
				VALIDATE_PRODUCT = YES;
			};
			name = Release;
		};
		4664E3502481198E00B75A8B /* Debug */ = {
			isa = XCBuildConfiguration;
			baseConfigurationReference = 77B6A9BA9BE03B89EBC75B09 /* Pods-eCommerce.debug.xcconfig */;
			buildSettings = {
				ASSETCATALOG_COMPILER_APPICON_NAME = AppIcon;
				CODE_SIGN_ENTITLEMENTS = eCommerce/eCommerce.entitlements;
				CODE_SIGN_STYLE = Automatic;
				INFOPLIST_FILE = eCommerce/Info.plist;
				LD_RUNPATH_SEARCH_PATHS = (
					"$(inherited)",
					"@executable_path/Frameworks",
				);
				PRODUCT_BUNDLE_IDENTIFIER = tv.twitch.starfruit.demo.eCommerce;
				PRODUCT_NAME = "$(TARGET_NAME)";
				SWIFT_VERSION = 5.0;
				TARGETED_DEVICE_FAMILY = "1,2";
			};
			name = Debug;
		};
		4664E3512481198E00B75A8B /* Release */ = {
			isa = XCBuildConfiguration;
			baseConfigurationReference = 83D51A534FF3FC792E25D0BC /* Pods-eCommerce.release.xcconfig */;
			buildSettings = {
				ASSETCATALOG_COMPILER_APPICON_NAME = AppIcon;
				CODE_SIGN_ENTITLEMENTS = eCommerce/eCommerce.entitlements;
				CODE_SIGN_STYLE = Automatic;
				INFOPLIST_FILE = eCommerce/Info.plist;
				LD_RUNPATH_SEARCH_PATHS = (
					"$(inherited)",
					"@executable_path/Frameworks",
				);
				PRODUCT_BUNDLE_IDENTIFIER = tv.twitch.starfruit.demo.eCommerce;
				PRODUCT_NAME = "$(TARGET_NAME)";
				SWIFT_VERSION = 5.0;
				TARGETED_DEVICE_FAMILY = "1,2";
			};
			name = Release;
		};
/* End XCBuildConfiguration section */

/* Begin XCConfigurationList section */
		4664E3362481198C00B75A8B /* Build configuration list for PBXProject "eCommerce" */ = {
			isa = XCConfigurationList;
			buildConfigurations = (
				4664E34D2481198E00B75A8B /* Debug */,
				4664E34E2481198E00B75A8B /* Release */,
			);
			defaultConfigurationIsVisible = 0;
			defaultConfigurationName = Release;
		};
		4664E34F2481198E00B75A8B /* Build configuration list for PBXNativeTarget "eCommerce" */ = {
			isa = XCConfigurationList;
			buildConfigurations = (
				4664E3502481198E00B75A8B /* Debug */,
				4664E3512481198E00B75A8B /* Release */,
			);
			defaultConfigurationIsVisible = 0;
			defaultConfigurationName = Release;
		};
/* End XCConfigurationList section */
	};
	rootObject = 4664E3332481198C00B75A8B /* Project object */;
}
